
Microsoft Visual Studio Solution File, Format Version 12.00
# Visual Studio Version 17
VisualStudioVersion = 17.4.33213.308
MinimumVisualStudioVersion = 10.0.40219.1
Project("{9A19103F-16F7-4668-BE54-9A1E7A4F7556}") = "General Hostility", "General Hostility.csproj", "{E203EE37-768B-4BD7-BDCC-5D669BD1412A}"
EndProject
Project("{2150E333-8FDC-42A3-9474-1A3956D46DE8}") = "Modules", "Modules", "{9E88B55D-6E73-4555-A821-789B8778FDA4}"
EndProject
Project("{9A19103F-16F7-4668-BE54-9A1E7A4F7556}") = "LogicModule", "LogicModule\LogicModule.csproj", "{6F2959BB-0B8C-4818-8D63-795EBE95259D}"
EndProject
Global
	GlobalSection(SolutionConfigurationPlatforms) = preSolution
		Debug|Any CPU = Debug|Any CPU
		ExportDebug|Any CPU = ExportDebug|Any CPU
		ExportRelease|Any CPU = ExportRelease|Any CPU
		Release|Any CPU = Release|Any CPU
	EndGlobalSection
	GlobalSection(ProjectConfigurationPlatforms) = postSolution
		{E203EE37-768B-4BD7-BDCC-5D669BD1412A}.Debug|Any CPU.ActiveCfg = Debug|Any CPU
		{E203EE37-768B-4BD7-BDCC-5D669BD1412A}.Debug|Any CPU.Build.0 = Debug|Any CPU
		{E203EE37-768B-4BD7-BDCC-5D669BD1412A}.ExportDebug|Any CPU.ActiveCfg = ExportDebug|Any CPU
		{E203EE37-768B-4BD7-BDCC-5D669BD1412A}.ExportDebug|Any CPU.Build.0 = ExportDebug|Any CPU
		{E203EE37-768B-4BD7-BDCC-5D669BD1412A}.ExportRelease|Any CPU.ActiveCfg = ExportRelease|Any CPU
		{E203EE37-768B-4BD7-BDCC-5D669BD1412A}.ExportRelease|Any CPU.Build.0 = ExportRelease|Any CPU
		{E203EE37-768B-4BD7-BDCC-5D669BD1412A}.Release|Any CPU.ActiveCfg = ExportRelease|Any CPU
		{E203EE37-768B-4BD7-BDCC-5D669BD1412A}.Release|Any CPU.Build.0 = ExportRelease|Any CPU
		{6F2959BB-0B8C-4818-8D63-795EBE95259D}.Debug|Any CPU.ActiveCfg = Debug|Any CPU
		{6F2959BB-0B8C-4818-8D63-795EBE95259D}.Debug|Any CPU.Build.0 = Debug|Any CPU
		{6F2959BB-0B8C-4818-8D63-795EBE95259D}.ExportDebug|Any CPU.ActiveCfg = Debug|Any CPU
		{6F2959BB-0B8C-4818-8D63-795EBE95259D}.ExportDebug|Any CPU.Build.0 = Debug|Any CPU
		{6F2959BB-0B8C-4818-8D63-795EBE95259D}.ExportRelease|Any CPU.ActiveCfg = Release|Any CPU
		{6F2959BB-0B8C-4818-8D63-795EBE95259D}.ExportRelease|Any CPU.Build.0 = Release|Any CPU
		{6F2959BB-0B8C-4818-8D63-795EBE95259D}.Release|Any CPU.ActiveCfg = Release|Any CPU
		{6F2959BB-0B8C-4818-8D63-795EBE95259D}.Release|Any CPU.Build.0 = Release|Any CPU
	EndGlobalSection
	GlobalSection(SolutionProperties) = preSolution
		HideSolutionNode = FALSE
	EndGlobalSection
	GlobalSection(NestedProjects) = preSolution
		{6F2959BB-0B8C-4818-8D63-795EBE95259D} = {9E88B55D-6E73-4555-A821-789B8778FDA4}
	EndGlobalSection
	GlobalSection(ExtensibilityGlobals) = postSolution
		SolutionGuid = {66B5DE5C-C3C1-4043-9CB0-F86D28150964}
	EndGlobalSection
EndGlobal
